
Microsoft Visual Studio Solution File, Format Version 12.00
# Visual Studio 2013
VisualStudioVersion = 12.0.40629.0
MinimumVisualStudioVersion = 10.0.40219.1
Project("{8BC9CEB8-8B4A-11D0-8D11-00A0C91BC942}") = "Functions", "Functions\Functions.vcxproj", "{83E0C549-089A-4D3E-9421-4A322618930B}"
EndProject
Project("{8BC9CEB8-8B4A-11D0-8D11-00A0C91BC942}") = "RTTIHacks", "RTTIHacks\RTTIHacks.vcxproj", "{F43BD071-01C1-427D-94ED-CFCDB3370BE9}"
EndProject
Project("{8BC9CEB8-8B4A-11D0-8D11-00A0C91BC942}") = "VSLauncher", "VSLauncher\VSLauncher.vcxproj", "{072DDE95-0E39-413D-95EB-6B2B9EDBF043}"
EndProject
Project("{8BC9CEB8-8B4A-11D0-8D11-00A0C91BC942}") = "MarchingCubesLUT", "MarchingCubesLUT\MarchingCubesLUT.vcxproj", "{8E1D799D-D3FA-41C9-9169-5EE1CBB3A717}"
EndProject
Project("{8BC9CEB8-8B4A-11D0-8D11-00A0C91BC942}") = "PrintfTest", "PrintfTest\PrintfTest.vcxproj", "{E5235900-2947-4408-AE2F-F62BAF78E583}"
EndProject
Project("{8BC9CEB8-8B4A-11D0-8D11-00A0C91BC942}") = "ProcessorInfo", "ProcessorInfo\ProcessorInfo.vcxproj", "{32441664-026E-479A-9ACC-409A86835B76}"
EndProject
Project("{8BC9CEB8-8B4A-11D0-8D11-00A0C91BC942}") = "Alignment", "Alignment\Alignment.vcxproj", "{01E863DD-E791-489C-BF9E-2B9BF298EAC0}"
EndProject
Project("{8BC9CEB8-8B4A-11D0-8D11-00A0C91BC942}") = "OpenGLDriverSelect", "OpenGLDriverSelect\OpenGLDriverSelect.vcxproj", "{4C3B3574-A64B-48E3-B377-235E7E26780D}"
EndProject
Project("{8BC9CEB8-8B4A-11D0-8D11-00A0C91BC942}") = "D3DReflect", "D3DReflect\D3DReflect.vcxproj", "{7C238007-9306-4EE1-A7B2-79069C8E4411}"
EndProject
Global
	GlobalSection(SolutionConfigurationPlatforms) = preSolution
		Debug|Win32 = Debug|Win32
		Debug|x64 = Debug|x64
		Release|Win32 = Release|Win32
		Release|x64 = Release|x64
	EndGlobalSection
	GlobalSection(ProjectConfigurationPlatforms) = postSolution
		{83E0C549-089A-4D3E-9421-4A322618930B}.Debug|Win32.ActiveCfg = Debug|Win32
		{83E0C549-089A-4D3E-9421-4A322618930B}.Debug|Win32.Build.0 = Debug|Win32
		{83E0C549-089A-4D3E-9421-4A322618930B}.Debug|x64.ActiveCfg = Debug|x64
		{83E0C549-089A-4D3E-9421-4A322618930B}.Debug|x64.Build.0 = Debug|x64
		{83E0C549-089A-4D3E-9421-4A322618930B}.Release|Win32.ActiveCfg = Release|Win32
		{83E0C549-089A-4D3E-9421-4A322618930B}.Release|Win32.Build.0 = Release|Win32
		{83E0C549-089A-4D3E-9421-4A322618930B}.Release|x64.ActiveCfg = Release|x64
		{83E0C549-089A-4D3E-9421-4A322618930B}.Release|x64.Build.0 = Release|x64
		{F43BD071-01C1-427D-94ED-CFCDB3370BE9}.Debug|Win32.ActiveCfg = Debug|Win32
		{F43BD071-01C1-427D-94ED-CFCDB3370BE9}.Debug|Win32.Build.0 = Debug|Win32
		{F43BD071-01C1-427D-94ED-CFCDB3370BE9}.Debug|x64.ActiveCfg = Debug|Win32
		{F43BD071-01C1-427D-94ED-CFCDB3370BE9}.Release|Win32.ActiveCfg = Release|Win32
		{F43BD071-01C1-427D-94ED-CFCDB3370BE9}.Release|Win32.Build.0 = Release|Win32
		{F43BD071-01C1-427D-94ED-CFCDB3370BE9}.Release|x64.ActiveCfg = Release|Win32
		{072DDE95-0E39-413D-95EB-6B2B9EDBF043}.Debug|Win32.ActiveCfg = Debug|Win32
		{072DDE95-0E39-413D-95EB-6B2B9EDBF043}.Debug|Win32.Build.0 = Debug|Win32
		{072DDE95-0E39-413D-95EB-6B2B9EDBF043}.Debug|x64.ActiveCfg = Debug|Win32
		{072DDE95-0E39-413D-95EB-6B2B9EDBF043}.Release|Win32.ActiveCfg = Release|Win32
		{072DDE95-0E39-413D-95EB-6B2B9EDBF043}.Release|Win32.Build.0 = Release|Win32
		{072DDE95-0E39-413D-95EB-6B2B9EDBF043}.Release|x64.ActiveCfg = Release|Win32
		{8E1D799D-D3FA-41C9-9169-5EE1CBB3A717}.Debug|Win32.ActiveCfg = Debug|Win32
		{8E1D799D-D3FA-41C9-9169-5EE1CBB3A717}.Debug|Win32.Build.0 = Debug|Win32
		{8E1D799D-D3FA-41C9-9169-5EE1CBB3A717}.Debug|x64.ActiveCfg = Debug|Win32
		{8E1D799D-D3FA-41C9-9169-5EE1CBB3A717}.Release|Win32.ActiveCfg = Release|Win32
		{8E1D799D-D3FA-41C9-9169-5EE1CBB3A717}.Release|Win32.Build.0 = Release|Win32
		{8E1D799D-D3FA-41C9-9169-5EE1CBB3A717}.Release|x64.ActiveCfg = Release|Win32
		{E5235900-2947-4408-AE2F-F62BAF78E583}.Debug|Win32.ActiveCfg = Debug|Win32
		{E5235900-2947-4408-AE2F-F62BAF78E583}.Debug|Win32.Build.0 = Debug|Win32
		{E5235900-2947-4408-AE2F-F62BAF78E583}.Debug|x64.ActiveCfg = Debug|Win32
		{E5235900-2947-4408-AE2F-F62BAF78E583}.Release|Win32.ActiveCfg = Release|Win32
		{E5235900-2947-4408-AE2F-F62BAF78E583}.Release|Win32.Build.0 = Release|Win32
		{E5235900-2947-4408-AE2F-F62BAF78E583}.Release|x64.ActiveCfg = Release|Win32
		{32441664-026E-479A-9ACC-409A86835B76}.Debug|Win32.ActiveCfg = Debug|Win32
		{32441664-026E-479A-9ACC-409A86835B76}.Debug|Win32.Build.0 = Debug|Win32
		{32441664-026E-479A-9ACC-409A86835B76}.Debug|x64.ActiveCfg = Debug|Win32
		{32441664-026E-479A-9ACC-409A86835B76}.Release|Win32.ActiveCfg = Release|Win32
		{32441664-026E-479A-9ACC-409A86835B76}.Release|Win32.Build.0 = Release|Win32
		{32441664-026E-479A-9ACC-409A86835B76}.Release|x64.ActiveCfg = Release|Win32
		{01E863DD-E791-489C-BF9E-2B9BF298EAC0}.Debug|Win32.ActiveCfg = Debug|Win32
		{01E863DD-E791-489C-BF9E-2B9BF298EAC0}.Debug|Win32.Build.0 = Debug|Win32
		{01E863DD-E791-489C-BF9E-2B9BF298EAC0}.Debug|x64.ActiveCfg = Debug|Win32
		{01E863DD-E791-489C-BF9E-2B9BF298EAC0}.Release|Win32.ActiveCfg = Release|Win32
		{01E863DD-E791-489C-BF9E-2B9BF298EAC0}.Release|Win32.Build.0 = Release|Win32
		{01E863DD-E791-489C-BF9E-2B9BF298EAC0}.Release|x64.ActiveCfg = Release|Win32
		{4C3B3574-A64B-48E3-B377-235E7E26780D}.Debug|Win32.ActiveCfg = Debug|Win32
		{4C3B3574-A64B-48E3-B377-235E7E26780D}.Debug|Win32.Build.0 = Debug|Win32
		{4C3B3574-A64B-48E3-B377-235E7E26780D}.Debug|x64.ActiveCfg = Debug|Win32
		{4C3B3574-A64B-48E3-B377-235E7E26780D}.Release|Win32.ActiveCfg = Release|Win32
		{4C3B3574-A64B-48E3-B377-235E7E26780D}.Release|Win32.Build.0 = Release|Win32
		{4C3B3574-A64B-48E3-B377-235E7E26780D}.Release|x64.ActiveCfg = Release|Win32
		{7C238007-9306-4EE1-A7B2-79069C8E4411}.Debug|Win32.ActiveCfg = Debug|Win32
		{7C238007-9306-4EE1-A7B2-79069C8E4411}.Debug|Win32.Build.0 = Debug|Win32
		{7C238007-9306-4EE1-A7B2-79069C8E4411}.Debug|x64.ActiveCfg = Debug|Win32
		{7C238007-9306-4EE1-A7B2-79069C8E4411}.Release|Win32.ActiveCfg = Release|Win32
		{7C238007-9306-4EE1-A7B2-79069C8E4411}.Release|Win32.Build.0 = Release|Win32
		{7C238007-9306-4EE1-A7B2-79069C8E4411}.Release|x64.ActiveCfg = Release|Win32
	EndGlobalSection
	GlobalSection(SolutionProperties) = preSolution
		HideSolutionNode = FALSE
	EndGlobalSection
EndGlobal
